// !$*UTF8*$!
{
	archiveVersion = 1;
	classes = {
	};
	objectVersion = 56;
	objects = {

/* Begin PBXBuildFile section */
		5C83842B2A9B9CBA00E524AA /* Lexer.swift in Sources */ = {isa = PBXBuildFile; fileRef = 5C83842A2A9B9CBA00E524AA /* Lexer.swift */; };
		5C9599C82A8E9E2400B5818A /* main.swift in Sources */ = {isa = PBXBuildFile; fileRef = 5C9599C72A8E9E2400B5818A /* main.swift */; };
		5C9599CF2A8E9ED100B5818A /* SObject.swift in Sources */ = {isa = PBXBuildFile; fileRef = 5C9599CE2A8E9ED100B5818A /* SObject.swift */; };
		5C9599D32A8E9F3000B5818A /* Protocols.swift in Sources */ = {isa = PBXBuildFile; fileRef = 5C9599D22A8E9F3000B5818A /* Protocols.swift */; };
		5C9599D52A8EA1F600B5818A /* SClass.swift in Sources */ = {isa = PBXBuildFile; fileRef = 5C9599D42A8EA1F600B5818A /* SClass.swift */; };
		5C9599D72A8EA47900B5818A /* Universe.swift in Sources */ = {isa = PBXBuildFile; fileRef = 5C9599D62A8EA47900B5818A /* Universe.swift */; };
		5C9599D92A8EA49500B5818A /* SSymbol.swift in Sources */ = {isa = PBXBuildFile; fileRef = 5C9599D82A8EA49500B5818A /* SSymbol.swift */; };
		5C9599DB2A8EA4AD00B5818A /* SString.swift in Sources */ = {isa = PBXBuildFile; fileRef = 5C9599DA2A8EA4AD00B5818A /* SString.swift */; };
		5C9599DD2A8EAC2A00B5818A /* Interpreter.swift in Sources */ = {isa = PBXBuildFile; fileRef = 5C9599DC2A8EAC2A00B5818A /* Interpreter.swift */; };
		5C9599DF2A8EACCD00B5818A /* SBlock.swift in Sources */ = {isa = PBXBuildFile; fileRef = 5C9599DE2A8EACCD00B5818A /* SBlock.swift */; };
		5C9599E12A8EADED00B5818A /* SArray.swift in Sources */ = {isa = PBXBuildFile; fileRef = 5C9599E02A8EADED00B5818A /* SArray.swift */; };
		5C9599E32A8EBFEF00B5818A /* Frame.swift in Sources */ = {isa = PBXBuildFile; fileRef = 5C9599E22A8EBFEF00B5818A /* Frame.swift */; };
		5C9599E52A8EC02100B5818A /* Bytescodes.swift in Sources */ = {isa = PBXBuildFile; fileRef = 5C9599E42A8EC02100B5818A /* Bytescodes.swift */; };
		5C9599E72A8EC08D00B5818A /* SDouble.swift in Sources */ = {isa = PBXBuildFile; fileRef = 5C9599E62A8EC08D00B5818A /* SDouble.swift */; };
		5C9599E92A8EC0EF00B5818A /* SInteger.swift in Sources */ = {isa = PBXBuildFile; fileRef = 5C9599E82A8EC0EF00B5818A /* SInteger.swift */; };
		5C9599EB2A8EC14700B5818A /* SMethod.swift in Sources */ = {isa = PBXBuildFile; fileRef = 5C9599EA2A8EC14700B5818A /* SMethod.swift */; };
		5C9599ED2A8EC18000B5818A /* SPrimitive.swift in Sources */ = {isa = PBXBuildFile; fileRef = 5C9599EC2A8EC18000B5818A /* SPrimitive.swift */; };
		5C9599F22A8EC2B400B5818A /* Primitives.swift in Sources */ = {isa = PBXBuildFile; fileRef = 5C9599F12A8EC2B400B5818A /* Primitives.swift */; };
		5C9599F42A8EC2DF00B5818A /* ArrayPrimitives.swift in Sources */ = {isa = PBXBuildFile; fileRef = 5C9599F32A8EC2DF00B5818A /* ArrayPrimitives.swift */; };
		5C9599F62A8EC2F800B5818A /* BlockPrimitives.swift in Sources */ = {isa = PBXBuildFile; fileRef = 5C9599F52A8EC2F800B5818A /* BlockPrimitives.swift */; };
		5C9599F82A8EC31B00B5818A /* ClassPrimitives.swift in Sources */ = {isa = PBXBuildFile; fileRef = 5C9599F72A8EC31B00B5818A /* ClassPrimitives.swift */; };
		5C9599FA2A8EC34200B5818A /* DoublePrimitives.swift in Sources */ = {isa = PBXBuildFile; fileRef = 5C9599F92A8EC34200B5818A /* DoublePrimitives.swift */; };
		5C9599FC2A8EC36E00B5818A /* IntegerPrimitives.swift in Sources */ = {isa = PBXBuildFile; fileRef = 5C9599FB2A8EC36E00B5818A /* IntegerPrimitives.swift */; };
		5C9599FE2A8EC38F00B5818A /* MethodPrimitives.swift in Sources */ = {isa = PBXBuildFile; fileRef = 5C9599FD2A8EC38F00B5818A /* MethodPrimitives.swift */; };
		5C959A002A8EC3AA00B5818A /* ObjectPrimitives.swift in Sources */ = {isa = PBXBuildFile; fileRef = 5C9599FF2A8EC3AA00B5818A /* ObjectPrimitives.swift */; };
		5C959A022A8EC3C800B5818A /* PrimitivePrimitives.swift in Sources */ = {isa = PBXBuildFile; fileRef = 5C959A012A8EC3C800B5818A /* PrimitivePrimitives.swift */; };
		5C959A042A8EC3DD00B5818A /* StringPrimitives.swift in Sources */ = {isa = PBXBuildFile; fileRef = 5C959A032A8EC3DD00B5818A /* StringPrimitives.swift */; };
		5C959A062A8EC40000B5818A /* SymbolPrimitives.swift in Sources */ = {isa = PBXBuildFile; fileRef = 5C959A052A8EC40000B5818A /* SymbolPrimitives.swift */; };
		5C959A082A8EC41F00B5818A /* SystemPrimitives.swift in Sources */ = {isa = PBXBuildFile; fileRef = 5C959A072A8EC41F00B5818A /* SystemPrimitives.swift */; };
		5C959A0A2A8EC45900B5818A /* CompilerAll.swift in Sources */ = {isa = PBXBuildFile; fileRef = 5C959A092A8EC45900B5818A /* CompilerAll.swift */; };
/* End PBXBuildFile section */

/* Begin PBXCopyFilesBuildPhase section */
		5C9599C22A8E9E2400B5818A /* CopyFiles */ = {
			isa = PBXCopyFilesBuildPhase;
			buildActionMask = 2147483647;
			dstPath = /usr/share/man/man1/;
			dstSubfolderSpec = 0;
			files = (
			);
			runOnlyForDeploymentPostprocessing = 1;
		};
/* End PBXCopyFilesBuildPhase section */

/* Begin PBXFileReference section */
		5C83842A2A9B9CBA00E524AA /* Lexer.swift */ = {isa = PBXFileReference; lastKnownFileType = sourcecode.swift; path = Lexer.swift; sourceTree = "<group>"; };
		5C9599C42A8E9E2400B5818A /* smog */ = {isa = PBXFileReference; explicitFileType = "compiled.mach-o.executable"; includeInIndex = 0; path = smog; sourceTree = BUILT_PRODUCTS_DIR; };
		5C9599C72A8E9E2400B5818A /* main.swift */ = {isa = PBXFileReference; lastKnownFileType = sourcecode.swift; path = main.swift; sourceTree = "<group>"; };
		5C9599CE2A8E9ED100B5818A /* SObject.swift */ = {isa = PBXFileReference; lastKnownFileType = sourcecode.swift; path = SObject.swift; sourceTree = "<group>"; };
		5C9599D22A8E9F3000B5818A /* Protocols.swift */ = {isa = PBXFileReference; lastKnownFileType = sourcecode.swift; path = Protocols.swift; sourceTree = "<group>"; };
		5C9599D42A8EA1F600B5818A /* SClass.swift */ = {isa = PBXFileReference; lastKnownFileType = sourcecode.swift; path = SClass.swift; sourceTree = "<group>"; };
		5C9599D62A8EA47900B5818A /* Universe.swift */ = {isa = PBXFileReference; lastKnownFileType = sourcecode.swift; path = Universe.swift; sourceTree = "<group>"; };
		5C9599D82A8EA49500B5818A /* SSymbol.swift */ = {isa = PBXFileReference; lastKnownFileType = sourcecode.swift; path = SSymbol.swift; sourceTree = "<group>"; };
		5C9599DA2A8EA4AD00B5818A /* SString.swift */ = {isa = PBXFileReference; lastKnownFileType = sourcecode.swift; path = SString.swift; sourceTree = "<group>"; };
		5C9599DC2A8EAC2A00B5818A /* Interpreter.swift */ = {isa = PBXFileReference; lastKnownFileType = sourcecode.swift; path = Interpreter.swift; sourceTree = "<group>"; };
		5C9599DE2A8EACCD00B5818A /* SBlock.swift */ = {isa = PBXFileReference; lastKnownFileType = sourcecode.swift; path = SBlock.swift; sourceTree = "<group>"; };
		5C9599E02A8EADED00B5818A /* SArray.swift */ = {isa = PBXFileReference; lastKnownFileType = sourcecode.swift; path = SArray.swift; sourceTree = "<group>"; };
		5C9599E22A8EBFEF00B5818A /* Frame.swift */ = {isa = PBXFileReference; lastKnownFileType = sourcecode.swift; path = Frame.swift; sourceTree = "<group>"; };
		5C9599E42A8EC02100B5818A /* Bytescodes.swift */ = {isa = PBXFileReference; lastKnownFileType = sourcecode.swift; path = Bytescodes.swift; sourceTree = "<group>"; };
		5C9599E62A8EC08D00B5818A /* SDouble.swift */ = {isa = PBXFileReference; lastKnownFileType = sourcecode.swift; path = SDouble.swift; sourceTree = "<group>"; };
		5C9599E82A8EC0EF00B5818A /* SInteger.swift */ = {isa = PBXFileReference; lastKnownFileType = sourcecode.swift; path = SInteger.swift; sourceTree = "<group>"; };
		5C9599EA2A8EC14700B5818A /* SMethod.swift */ = {isa = PBXFileReference; lastKnownFileType = sourcecode.swift; path = SMethod.swift; sourceTree = "<group>"; };
		5C9599EC2A8EC18000B5818A /* SPrimitive.swift */ = {isa = PBXFileReference; lastKnownFileType = sourcecode.swift; path = SPrimitive.swift; sourceTree = "<group>"; };
		5C9599F12A8EC2B400B5818A /* Primitives.swift */ = {isa = PBXFileReference; lastKnownFileType = sourcecode.swift; path = Primitives.swift; sourceTree = "<group>"; };
		5C9599F32A8EC2DF00B5818A /* ArrayPrimitives.swift */ = {isa = PBXFileReference; lastKnownFileType = sourcecode.swift; path = ArrayPrimitives.swift; sourceTree = "<group>"; };
		5C9599F52A8EC2F800B5818A /* BlockPrimitives.swift */ = {isa = PBXFileReference; lastKnownFileType = sourcecode.swift; path = BlockPrimitives.swift; sourceTree = "<group>"; };
		5C9599F72A8EC31B00B5818A /* ClassPrimitives.swift */ = {isa = PBXFileReference; lastKnownFileType = sourcecode.swift; path = ClassPrimitives.swift; sourceTree = "<group>"; };
		5C9599F92A8EC34200B5818A /* DoublePrimitives.swift */ = {isa = PBXFileReference; lastKnownFileType = sourcecode.swift; path = DoublePrimitives.swift; sourceTree = "<group>"; };
		5C9599FB2A8EC36E00B5818A /* IntegerPrimitives.swift */ = {isa = PBXFileReference; lastKnownFileType = sourcecode.swift; path = IntegerPrimitives.swift; sourceTree = "<group>"; };
		5C9599FD2A8EC38F00B5818A /* MethodPrimitives.swift */ = {isa = PBXFileReference; lastKnownFileType = sourcecode.swift; path = MethodPrimitives.swift; sourceTree = "<group>"; };
		5C9599FF2A8EC3AA00B5818A /* ObjectPrimitives.swift */ = {isa = PBXFileReference; lastKnownFileType = sourcecode.swift; path = ObjectPrimitives.swift; sourceTree = "<group>"; };
		5C959A012A8EC3C800B5818A /* PrimitivePrimitives.swift */ = {isa = PBXFileReference; lastKnownFileType = sourcecode.swift; path = PrimitivePrimitives.swift; sourceTree = "<group>"; };
		5C959A032A8EC3DD00B5818A /* StringPrimitives.swift */ = {isa = PBXFileReference; lastKnownFileType = sourcecode.swift; path = StringPrimitives.swift; sourceTree = "<group>"; };
		5C959A052A8EC40000B5818A /* SymbolPrimitives.swift */ = {isa = PBXFileReference; lastKnownFileType = sourcecode.swift; path = SymbolPrimitives.swift; sourceTree = "<group>"; };
		5C959A072A8EC41F00B5818A /* SystemPrimitives.swift */ = {isa = PBXFileReference; lastKnownFileType = sourcecode.swift; path = SystemPrimitives.swift; sourceTree = "<group>"; };
		5C959A092A8EC45900B5818A /* CompilerAll.swift */ = {isa = PBXFileReference; lastKnownFileType = sourcecode.swift; path = CompilerAll.swift; sourceTree = "<group>"; };
/* End PBXFileReference section */

/* Begin PBXFrameworksBuildPhase section */
		5C9599C12A8E9E2400B5818A /* Frameworks */ = {
			isa = PBXFrameworksBuildPhase;
			buildActionMask = 2147483647;
			files = (
			);
			runOnlyForDeploymentPostprocessing = 0;
		};
/* End PBXFrameworksBuildPhase section */

/* Begin PBXGroup section */
		5C9599BB2A8E9E2400B5818A = {
			isa = PBXGroup;
			children = (
				5C9599C62A8E9E2400B5818A /* smog */,
				5C9599C52A8E9E2400B5818A /* Products */,
			);
			sourceTree = "<group>";
		};
		5C9599C52A8E9E2400B5818A /* Products */ = {
			isa = PBXGroup;
			children = (
				5C9599C42A8E9E2400B5818A /* smog */,
			);
			name = Products;
			sourceTree = "<group>";
		};
		5C9599C62A8E9E2400B5818A /* smog */ = {
			isa = PBXGroup;
			children = (
				5C9599EF2A8EC27000B5818A /* compiler */,
				5C9599EE2A8EC24900B5818A /* interpreter */,
				5C9599F02A8EC27900B5818A /* primitives */,
				5C9599D02A8E9F0F00B5818A /* vm */,
				5C9599D12A8E9F1700B5818A /* vmobjects */,
			);
			path = smog;
			sourceTree = "<group>";
		};
		5C9599D02A8E9F0F00B5818A /* vm */ = {
			isa = PBXGroup;
			children = (
				5C9599C72A8E9E2400B5818A /* main.swift */,
				5C9599D62A8EA47900B5818A /* Universe.swift */,
			);
			path = vm;
			sourceTree = "<group>";
		};
		5C9599D12A8E9F1700B5818A /* vmobjects */ = {
			isa = PBXGroup;
			children = (
				5C9599D22A8E9F3000B5818A /* Protocols.swift */,
				5C9599E02A8EADED00B5818A /* SArray.swift */,
				5C9599DE2A8EACCD00B5818A /* SBlock.swift */,
				5C9599D42A8EA1F600B5818A /* SClass.swift */,
				5C9599E62A8EC08D00B5818A /* SDouble.swift */,
				5C9599E82A8EC0EF00B5818A /* SInteger.swift */,
				5C9599EA2A8EC14700B5818A /* SMethod.swift */,
				5C9599CE2A8E9ED100B5818A /* SObject.swift */,
				5C9599EC2A8EC18000B5818A /* SPrimitive.swift */,
				5C9599DA2A8EA4AD00B5818A /* SString.swift */,
				5C9599D82A8EA49500B5818A /* SSymbol.swift */,
			);
			path = vmobjects;
			sourceTree = "<group>";
		};
		5C9599EE2A8EC24900B5818A /* interpreter */ = {
			isa = PBXGroup;
			children = (
				5C9599DC2A8EAC2A00B5818A /* Interpreter.swift */,
				5C9599E22A8EBFEF00B5818A /* Frame.swift */,
				5C9599E42A8EC02100B5818A /* Bytescodes.swift */,
			);
			path = interpreter;
			sourceTree = "<group>";
		};
		5C9599EF2A8EC27000B5818A /* compiler */ = {
			isa = PBXGroup;
			children = (
				5C959A092A8EC45900B5818A /* CompilerAll.swift */,
				5C83842A2A9B9CBA00E524AA /* Lexer.swift */,
			);
			path = compiler;
			sourceTree = "<group>";
		};
		5C9599F02A8EC27900B5818A /* primitives */ = {
			isa = PBXGroup;
			children = (
				5C9599F12A8EC2B400B5818A /* Primitives.swift */,
				5C9599F32A8EC2DF00B5818A /* ArrayPrimitives.swift */,
				5C9599F52A8EC2F800B5818A /* BlockPrimitives.swift */,
				5C9599F72A8EC31B00B5818A /* ClassPrimitives.swift */,
				5C9599F92A8EC34200B5818A /* DoublePrimitives.swift */,
				5C9599FB2A8EC36E00B5818A /* IntegerPrimitives.swift */,
				5C9599FD2A8EC38F00B5818A /* MethodPrimitives.swift */,
				5C9599FF2A8EC3AA00B5818A /* ObjectPrimitives.swift */,
				5C959A012A8EC3C800B5818A /* PrimitivePrimitives.swift */,
				5C959A032A8EC3DD00B5818A /* StringPrimitives.swift */,
				5C959A052A8EC40000B5818A /* SymbolPrimitives.swift */,
				5C959A072A8EC41F00B5818A /* SystemPrimitives.swift */,
			);
			path = primitives;
			sourceTree = "<group>";
		};
/* End PBXGroup section */

/* Begin PBXNativeTarget section */
		5C9599C32A8E9E2400B5818A /* smog */ = {
			isa = PBXNativeTarget;
			buildConfigurationList = 5C9599CB2A8E9E2400B5818A /* Build configuration list for PBXNativeTarget "smog" */;
			buildPhases = (
				5C9599C02A8E9E2400B5818A /* Sources */,
				5C9599C12A8E9E2400B5818A /* Frameworks */,
				5C9599C22A8E9E2400B5818A /* CopyFiles */,
			);
			buildRules = (
			);
			dependencies = (
			);
			name = smog;
			productName = smog;
			productReference = 5C9599C42A8E9E2400B5818A /* smog */;
			productType = "com.apple.product-type.tool";
		};
/* End PBXNativeTarget section */

/* Begin PBXProject section */
		5C9599BC2A8E9E2400B5818A /* Project object */ = {
			isa = PBXProject;
			attributes = {
				BuildIndependentTargetsInParallel = 1;
				LastSwiftUpdateCheck = 1430;
				LastUpgradeCheck = 1430;
				TargetAttributes = {
					5C9599C32A8E9E2400B5818A = {
						CreatedOnToolsVersion = 14.3.1;
					};
				};
			};
			buildConfigurationList = 5C9599BF2A8E9E2400B5818A /* Build configuration list for PBXProject "smog" */;
			compatibilityVersion = "Xcode 14.0";
			developmentRegion = en;
			hasScannedForEncodings = 0;
			knownRegions = (
				en,
				Base,
			);
			mainGroup = 5C9599BB2A8E9E2400B5818A;
			productRefGroup = 5C9599C52A8E9E2400B5818A /* Products */;
			projectDirPath = "";
			projectRoot = "";
			targets = (
				5C9599C32A8E9E2400B5818A /* smog */,
			);
		};
/* End PBXProject section */

/* Begin PBXSourcesBuildPhase section */
		5C9599C02A8E9E2400B5818A /* Sources */ = {
			isa = PBXSourcesBuildPhase;
			buildActionMask = 2147483647;
			files = (
				5C9599DD2A8EAC2A00B5818A /* Interpreter.swift in Sources */,
				5C9599E12A8EADED00B5818A /* SArray.swift in Sources */,
				5C959A082A8EC41F00B5818A /* SystemPrimitives.swift in Sources */,
				5C9599FC2A8EC36E00B5818A /* IntegerPrimitives.swift in Sources */,
				5C83842B2A9B9CBA00E524AA /* Lexer.swift in Sources */,
				5C9599E92A8EC0EF00B5818A /* SInteger.swift in Sources */,
				5C959A062A8EC40000B5818A /* SymbolPrimitives.swift in Sources */,
				5C959A042A8EC3DD00B5818A /* StringPrimitives.swift in Sources */,
				5C959A002A8EC3AA00B5818A /* ObjectPrimitives.swift in Sources */,
				5C9599F42A8EC2DF00B5818A /* ArrayPrimitives.swift in Sources */,
				5C9599F22A8EC2B400B5818A /* Primitives.swift in Sources */,
				5C9599D52A8EA1F600B5818A /* SClass.swift in Sources */,
				5C959A0A2A8EC45900B5818A /* CompilerAll.swift in Sources */,
				5C9599F82A8EC31B00B5818A /* ClassPrimitives.swift in Sources */,
				5C9599FE2A8EC38F00B5818A /* MethodPrimitives.swift in Sources */,
				5C9599C82A8E9E2400B5818A /* main.swift in Sources */,
				5C959A022A8EC3C800B5818A /* PrimitivePrimitives.swift in Sources */,
				5C9599E72A8EC08D00B5818A /* SDouble.swift in Sources */,
				5C9599F62A8EC2F800B5818A /* BlockPrimitives.swift in Sources */,
				5C9599E52A8EC02100B5818A /* Bytescodes.swift in Sources */,
				5C9599ED2A8EC18000B5818A /* SPrimitive.swift in Sources */,
				5C9599D72A8EA47900B5818A /* Universe.swift in Sources */,
				5C9599EB2A8EC14700B5818A /* SMethod.swift in Sources */,
				5C9599D32A8E9F3000B5818A /* Protocols.swift in Sources */,
				5C9599CF2A8E9ED100B5818A /* SObject.swift in Sources */,
				5C9599D92A8EA49500B5818A /* SSymbol.swift in Sources */,
				5C9599DB2A8EA4AD00B5818A /* SString.swift in Sources */,
				5C9599FA2A8EC34200B5818A /* DoublePrimitives.swift in Sources */,
				5C9599DF2A8EACCD00B5818A /* SBlock.swift in Sources */,
				5C9599E32A8EBFEF00B5818A /* Frame.swift in Sources */,
			);
			runOnlyForDeploymentPostprocessing = 0;
		};
/* End PBXSourcesBuildPhase section */

/* Begin XCBuildConfiguration section */
		5C9599C92A8E9E2400B5818A /* Debug */ = {
			isa = XCBuildConfiguration;
			buildSettings = {
				ALWAYS_SEARCH_USER_PATHS = NO;
				CLANG_ANALYZER_NONNULL = YES;
				CLANG_ANALYZER_NUMBER_OBJECT_CONVERSION = YES_AGGRESSIVE;
				CLANG_CXX_LANGUAGE_STANDARD = "gnu++20";
				CLANG_ENABLE_MODULES = YES;
				CLANG_ENABLE_OBJC_ARC = YES;
				CLANG_ENABLE_OBJC_WEAK = YES;
				CLANG_WARN_BLOCK_CAPTURE_AUTORELEASING = YES;
				CLANG_WARN_BOOL_CONVERSION = YES;
				CLANG_WARN_COMMA = YES;
				CLANG_WARN_CONSTANT_CONVERSION = YES;
				CLANG_WARN_DEPRECATED_OBJC_IMPLEMENTATIONS = YES;
				CLANG_WARN_DIRECT_OBJC_ISA_USAGE = YES_ERROR;
				CLANG_WARN_DOCUMENTATION_COMMENTS = YES;
				CLANG_WARN_EMPTY_BODY = YES;
				CLANG_WARN_ENUM_CONVERSION = YES;
				CLANG_WARN_INFINITE_RECURSION = YES;
				CLANG_WARN_INT_CONVERSION = YES;
				CLANG_WARN_NON_LITERAL_NULL_CONVERSION = YES;
				CLANG_WARN_OBJC_IMPLICIT_RETAIN_SELF = YES;
				CLANG_WARN_OBJC_LITERAL_CONVERSION = YES;
				CLANG_WARN_OBJC_ROOT_CLASS = YES_ERROR;
				CLANG_WARN_QUOTED_INCLUDE_IN_FRAMEWORK_HEADER = YES;
				CLANG_WARN_RANGE_LOOP_ANALYSIS = YES;
				CLANG_WARN_STRICT_PROTOTYPES = YES;
				CLANG_WARN_SUSPICIOUS_MOVE = YES;
				CLANG_WARN_UNGUARDED_AVAILABILITY = YES_AGGRESSIVE;
				CLANG_WARN_UNREACHABLE_CODE = YES;
				CLANG_WARN__DUPLICATE_METHOD_MATCH = YES;
				COPY_PHASE_STRIP = NO;
				DEBUG_INFORMATION_FORMAT = dwarf;
				ENABLE_STRICT_OBJC_MSGSEND = YES;
				ENABLE_TESTABILITY = YES;
				GCC_C_LANGUAGE_STANDARD = gnu11;
				GCC_DYNAMIC_NO_PIC = NO;
				GCC_NO_COMMON_BLOCKS = YES;
				GCC_OPTIMIZATION_LEVEL = 0;
				GCC_PREPROCESSOR_DEFINITIONS = (
					"DEBUG=1",
					"$(inherited)",
				);
				GCC_WARN_64_TO_32_BIT_CONVERSION = YES;
				GCC_WARN_ABOUT_RETURN_TYPE = YES_ERROR;
				GCC_WARN_UNDECLARED_SELECTOR = YES;
				GCC_WARN_UNINITIALIZED_AUTOS = YES_AGGRESSIVE;
				GCC_WARN_UNUSED_FUNCTION = YES;
				GCC_WARN_UNUSED_VARIABLE = YES;
				MACOSX_DEPLOYMENT_TARGET = 13.3;
				MTL_ENABLE_DEBUG_INFO = INCLUDE_SOURCE;
				MTL_FAST_MATH = YES;
				ONLY_ACTIVE_ARCH = YES;
				SDKROOT = macosx;
				SWIFT_ACTIVE_COMPILATION_CONDITIONS = DEBUG;
				SWIFT_OPTIMIZATION_LEVEL = "-Onone";
			};
			name = Debug;
		};
		5C9599CA2A8E9E2400B5818A /* Release */ = {
			isa = XCBuildConfiguration;
			buildSettings = {
				ALWAYS_SEARCH_USER_PATHS = NO;
				CLANG_ANALYZER_NONNULL = YES;
				CLANG_ANALYZER_NUMBER_OBJECT_CONVERSION = YES_AGGRESSIVE;
				CLANG_CXX_LANGUAGE_STANDARD = "gnu++20";
				CLANG_ENABLE_MODULES = YES;
				CLANG_ENABLE_OBJC_ARC = YES;
				CLANG_ENABLE_OBJC_WEAK = YES;
				CLANG_WARN_BLOCK_CAPTURE_AUTORELEASING = YES;
				CLANG_WARN_BOOL_CONVERSION = YES;
				CLANG_WARN_COMMA = YES;
				CLANG_WARN_CONSTANT_CONVERSION = YES;
				CLANG_WARN_DEPRECATED_OBJC_IMPLEMENTATIONS = YES;
				CLANG_WARN_DIRECT_OBJC_ISA_USAGE = YES_ERROR;
				CLANG_WARN_DOCUMENTATION_COMMENTS = YES;
				CLANG_WARN_EMPTY_BODY = YES;
				CLANG_WARN_ENUM_CONVERSION = YES;
				CLANG_WARN_INFINITE_RECURSION = YES;
				CLANG_WARN_INT_CONVERSION = YES;
				CLANG_WARN_NON_LITERAL_NULL_CONVERSION = YES;
				CLANG_WARN_OBJC_IMPLICIT_RETAIN_SELF = YES;
				CLANG_WARN_OBJC_LITERAL_CONVERSION = YES;
				CLANG_WARN_OBJC_ROOT_CLASS = YES_ERROR;
				CLANG_WARN_QUOTED_INCLUDE_IN_FRAMEWORK_HEADER = YES;
				CLANG_WARN_RANGE_LOOP_ANALYSIS = YES;
				CLANG_WARN_STRICT_PROTOTYPES = YES;
				CLANG_WARN_SUSPICIOUS_MOVE = YES;
				CLANG_WARN_UNGUARDED_AVAILABILITY = YES_AGGRESSIVE;
				CLANG_WARN_UNREACHABLE_CODE = YES;
				CLANG_WARN__DUPLICATE_METHOD_MATCH = YES;
				COPY_PHASE_STRIP = NO;
				DEBUG_INFORMATION_FORMAT = "dwarf-with-dsym";
				ENABLE_NS_ASSERTIONS = NO;
				ENABLE_STRICT_OBJC_MSGSEND = YES;
				GCC_C_LANGUAGE_STANDARD = gnu11;
				GCC_NO_COMMON_BLOCKS = YES;
				GCC_WARN_64_TO_32_BIT_CONVERSION = YES;
				GCC_WARN_ABOUT_RETURN_TYPE = YES_ERROR;
				GCC_WARN_UNDECLARED_SELECTOR = YES;
				GCC_WARN_UNINITIALIZED_AUTOS = YES_AGGRESSIVE;
				GCC_WARN_UNUSED_FUNCTION = YES;
				GCC_WARN_UNUSED_VARIABLE = YES;
				MACOSX_DEPLOYMENT_TARGET = 13.3;
				MTL_ENABLE_DEBUG_INFO = NO;
				MTL_FAST_MATH = YES;
				SDKROOT = macosx;
				SWIFT_COMPILATION_MODE = wholemodule;
				SWIFT_OPTIMIZATION_LEVEL = "-O";
			};
			name = Release;
		};
		5C9599CC2A8E9E2400B5818A /* Debug */ = {
			isa = XCBuildConfiguration;
			buildSettings = {
				CODE_SIGN_STYLE = Automatic;
				DEVELOPMENT_TEAM = S7ZKK95T9U;
				ENABLE_HARDENED_RUNTIME = YES;
				PRODUCT_NAME = "$(TARGET_NAME)";
				SWIFT_VERSION = 5.0;
			};
			name = Debug;
		};
		5C9599CD2A8E9E2400B5818A /* Release */ = {
			isa = XCBuildConfiguration;
			buildSettings = {
				CODE_SIGN_STYLE = Automatic;
				DEVELOPMENT_TEAM = S7ZKK95T9U;
				ENABLE_HARDENED_RUNTIME = YES;
				PRODUCT_NAME = "$(TARGET_NAME)";
				SWIFT_VERSION = 5.0;
			};
			name = Release;
		};
/* End XCBuildConfiguration section */

/* Begin XCConfigurationList section */
		5C9599BF2A8E9E2400B5818A /* Build configuration list for PBXProject "smog" */ = {
			isa = XCConfigurationList;
			buildConfigurations = (
				5C9599C92A8E9E2400B5818A /* Debug */,
				5C9599CA2A8E9E2400B5818A /* Release */,
			);
			defaultConfigurationIsVisible = 0;
			defaultConfigurationName = Release;
		};
		5C9599CB2A8E9E2400B5818A /* Build configuration list for PBXNativeTarget "smog" */ = {
			isa = XCConfigurationList;
			buildConfigurations = (
				5C9599CC2A8E9E2400B5818A /* Debug */,
				5C9599CD2A8E9E2400B5818A /* Release */,
			);
			defaultConfigurationIsVisible = 0;
			defaultConfigurationName = Release;
		};
/* End XCConfigurationList section */
	};
	rootObject = 5C9599BC2A8E9E2400B5818A /* Project object */;
}
